
Microsoft Visual Studio Solution File, Format Version 12.00
# Visual Studio Version 17
VisualStudioVersion = 17.14.36414.22 d17.14
MinimumVisualStudioVersion = 10.0.40219.1
Project("{FAE04EC0-301F-11D3-BF4B-00C04F79EFBC}") = "SistemadeCuentaBancaria", "SistemadeCuentaBancaria\SistemadeCuentaBancaria.csproj", "{FB879051-C62B-40C1-986E-1DD80DA3FF29}"
EndProject
Global
	GlobalSection(SolutionConfigurationPlatforms) = preSolution
		Debug|Any CPU = Debug|Any CPU
		Release|Any CPU = Release|Any CPU
	EndGlobalSection
	GlobalSection(ProjectConfigurationPlatforms) = postSolution
		{FB879051-C62B-40C1-986E-1DD80DA3FF29}.Debug|Any CPU.ActiveCfg = Debug|Any CPU
		{FB879051-C62B-40C1-986E-1DD80DA3FF29}.Debug|Any CPU.Build.0 = Debug|Any CPU
		{FB879051-C62B-40C1-986E-1DD80DA3FF29}.Release|Any CPU.ActiveCfg = Release|Any CPU
		{FB879051-C62B-40C1-986E-1DD80DA3FF29}.Release|Any CPU.Build.0 = Release|Any CPU
	EndGlobalSection
	GlobalSection(SolutionProperties) = preSolution
		HideSolutionNode = FALSE
	EndGlobalSection
	GlobalSection(ExtensibilityGlobals) = postSolution
		SolutionGuid = {74F36F2E-58AB-4BD0-A2D5-B6F9CF63DFEE}
	EndGlobalSection
EndGlobal
